// !$*UTF8*$!
{
	archiveVersion = 1;
	classes = {
	};
	objectVersion = 50;
	objects = {

/* Begin PBXBuildFile section */
		8AFCCB0821E94EBE003A1162 /* AppDelegate.swift in Sources */ = {isa = PBXBuildFile; fileRef = 8AFCCB0721E94EBE003A1162 /* AppDelegate.swift */; };
		8AFCCB0A21E94EBE003A1162 /* ViewController.swift in Sources */ = {isa = PBXBuildFile; fileRef = 8AFCCB0921E94EBE003A1162 /* ViewController.swift */; };
		8AFCCB0D21E94EBE003A1162 /* Main.storyboard in Resources */ = {isa = PBXBuildFile; fileRef = 8AFCCB0B21E94EBE003A1162 /* Main.storyboard */; };
		8AFCCB0F21E94EBF003A1162 /* Assets.xcassets in Resources */ = {isa = PBXBuildFile; fileRef = 8AFCCB0E21E94EBF003A1162 /* Assets.xcassets */; };
		8AFCCB1221E94EBF003A1162 /* LaunchScreen.storyboard in Resources */ = {isa = PBXBuildFile; fileRef = 8AFCCB1021E94EBF003A1162 /* LaunchScreen.storyboard */; };
		8AFCCB1D21E94EBF003A1162 /* SecretSantaAppTests.swift in Sources */ = {isa = PBXBuildFile; fileRef = 8AFCCB1C21E94EBF003A1162 /* SecretSantaAppTests.swift */; };
		8AFCCB2821E94EBF003A1162 /* SecretSantaAppUITests.swift in Sources */ = {isa = PBXBuildFile; fileRef = 8AFCCB2721E94EBF003A1162 /* SecretSantaAppUITests.swift */; };
/* End PBXBuildFile section */

/* Begin PBXContainerItemProxy section */
		8AFCCB1921E94EBF003A1162 /* PBXContainerItemProxy */ = {
			isa = PBXContainerItemProxy;
			containerPortal = 8AFCCAFC21E94EBE003A1162 /* Project object */;
			proxyType = 1;
			remoteGlobalIDString = 8AFCCB0321E94EBE003A1162;
			remoteInfo = SecretSantaApp;
		};
		8AFCCB2421E94EBF003A1162 /* PBXContainerItemProxy */ = {
			isa = PBXContainerItemProxy;
			containerPortal = 8AFCCAFC21E94EBE003A1162 /* Project object */;
			proxyType = 1;
			remoteGlobalIDString = 8AFCCB0321E94EBE003A1162;
			remoteInfo = SecretSantaApp;
		};
/* End PBXContainerItemProxy section */

/* Begin PBXFileReference section */
		8AFCCB0421E94EBE003A1162 /* SecretSantaApp.app */ = {isa = PBXFileReference; explicitFileType = wrapper.application; includeInIndex = 0; path = SecretSantaApp.app; sourceTree = BUILT_PRODUCTS_DIR; };
		8AFCCB0721E94EBE003A1162 /* AppDelegate.swift */ = {isa = PBXFileReference; lastKnownFileType = sourcecode.swift; path = AppDelegate.swift; sourceTree = "<group>"; };
		8AFCCB0921E94EBE003A1162 /* ViewController.swift */ = {isa = PBXFileReference; lastKnownFileType = sourcecode.swift; path = ViewController.swift; sourceTree = "<group>"; };
		8AFCCB0C21E94EBE003A1162 /* Base */ = {isa = PBXFileReference; lastKnownFileType = file.storyboard; name = Base; path = Base.lproj/Main.storyboard; sourceTree = "<group>"; };
		8AFCCB0E21E94EBF003A1162 /* Assets.xcassets */ = {isa = PBXFileReference; lastKnownFileType = folder.assetcatalog; path = Assets.xcassets; sourceTree = "<group>"; };
		8AFCCB1121E94EBF003A1162 /* Base */ = {isa = PBXFileReference; lastKnownFileType = file.storyboard; name = Base; path = Base.lproj/LaunchScreen.storyboard; sourceTree = "<group>"; };
		8AFCCB1321E94EBF003A1162 /* Info.plist */ = {isa = PBXFileReference; lastKnownFileType = text.plist.xml; path = Info.plist; sourceTree = "<group>"; };
		8AFCCB1821E94EBF003A1162 /* SecretSantaAppTests.xctest */ = {isa = PBXFileReference; explicitFileType = wrapper.cfbundle; includeInIndex = 0; path = SecretSantaAppTests.xctest; sourceTree = BUILT_PRODUCTS_DIR; };
		8AFCCB1C21E94EBF003A1162 /* SecretSantaAppTests.swift */ = {isa = PBXFileReference; lastKnownFileType = sourcecode.swift; path = SecretSantaAppTests.swift; sourceTree = "<group>"; };
		8AFCCB1E21E94EBF003A1162 /* Info.plist */ = {isa = PBXFileReference; lastKnownFileType = text.plist.xml; path = Info.plist; sourceTree = "<group>"; };
		8AFCCB2321E94EBF003A1162 /* SecretSantaAppUITests.xctest */ = {isa = PBXFileReference; explicitFileType = wrapper.cfbundle; includeInIndex = 0; path = SecretSantaAppUITests.xctest; sourceTree = BUILT_PRODUCTS_DIR; };
		8AFCCB2721E94EBF003A1162 /* SecretSantaAppUITests.swift */ = {isa = PBXFileReference; lastKnownFileType = sourcecode.swift; path = SecretSantaAppUITests.swift; sourceTree = "<group>"; };
		8AFCCB2921E94EBF003A1162 /* Info.plist */ = {isa = PBXFileReference; lastKnownFileType = text.plist.xml; path = Info.plist; sourceTree = "<group>"; };
/* End PBXFileReference section */

/* Begin PBXFrameworksBuildPhase section */
		8AFCCB0121E94EBE003A1162 /* Frameworks */ = {
			isa = PBXFrameworksBuildPhase;
			buildActionMask = 2147483647;
			files = (
			);
			runOnlyForDeploymentPostprocessing = 0;
		};
		8AFCCB1521E94EBF003A1162 /* Frameworks */ = {
			isa = PBXFrameworksBuildPhase;
			buildActionMask = 2147483647;
			files = (
			);
			runOnlyForDeploymentPostprocessing = 0;
		};
		8AFCCB2021E94EBF003A1162 /* Frameworks */ = {
			isa = PBXFrameworksBuildPhase;
			buildActionMask = 2147483647;
			files = (
			);
			runOnlyForDeploymentPostprocessing = 0;
		};
/* End PBXFrameworksBuildPhase section */

/* Begin PBXGroup section */
		8AFCCAFB21E94EBE003A1162 = {
			isa = PBXGroup;
			children = (
				8AFCCB0621E94EBE003A1162 /* SecretSantaApp */,
				8AFCCB1B21E94EBF003A1162 /* SecretSantaAppTests */,
				8AFCCB2621E94EBF003A1162 /* SecretSantaAppUITests */,
				8AFCCB0521E94EBE003A1162 /* Products */,
			);
			sourceTree = "<group>";
		};
		8AFCCB0521E94EBE003A1162 /* Products */ = {
			isa = PBXGroup;
			children = (
				8AFCCB0421E94EBE003A1162 /* SecretSantaApp.app */,
				8AFCCB1821E94EBF003A1162 /* SecretSantaAppTests.xctest */,
				8AFCCB2321E94EBF003A1162 /* SecretSantaAppUITests.xctest */,
			);
			name = Products;
			sourceTree = "<group>";
		};
		8AFCCB0621E94EBE003A1162 /* SecretSantaApp */ = {
			isa = PBXGroup;
			children = (
				8AFCCB0721E94EBE003A1162 /* AppDelegate.swift */,
				8AFCCB0921E94EBE003A1162 /* ViewController.swift */,
				8AFCCB0B21E94EBE003A1162 /* Main.storyboard */,
				8AFCCB0E21E94EBF003A1162 /* Assets.xcassets */,
				8AFCCB1021E94EBF003A1162 /* LaunchScreen.storyboard */,
				8AFCCB1321E94EBF003A1162 /* Info.plist */,
			);
			path = SecretSantaApp;
			sourceTree = "<group>";
		};
		8AFCCB1B21E94EBF003A1162 /* SecretSantaAppTests */ = {
			isa = PBXGroup;
			children = (
				8AFCCB1C21E94EBF003A1162 /* SecretSantaAppTests.swift */,
				8AFCCB1E21E94EBF003A1162 /* Info.plist */,
			);
			path = SecretSantaAppTests;
			sourceTree = "<group>";
		};
		8AFCCB2621E94EBF003A1162 /* SecretSantaAppUITests */ = {
			isa = PBXGroup;
			children = (
				8AFCCB2721E94EBF003A1162 /* SecretSantaAppUITests.swift */,
				8AFCCB2921E94EBF003A1162 /* Info.plist */,
			);
			path = SecretSantaAppUITests;
			sourceTree = "<group>";
		};
/* End PBXGroup section */

/* Begin PBXNativeTarget section */
		8AFCCB0321E94EBE003A1162 /* SecretSantaApp */ = {
			isa = PBXNativeTarget;
			buildConfigurationList = 8AFCCB2C21E94EBF003A1162 /* Build configuration list for PBXNativeTarget "SecretSantaApp" */;
			buildPhases = (
				8AFCCB0021E94EBE003A1162 /* Sources */,
				8AFCCB0121E94EBE003A1162 /* Frameworks */,
				8AFCCB0221E94EBE003A1162 /* Resources */,
			);
			buildRules = (
			);
			dependencies = (
			);
			name = SecretSantaApp;
			productName = SecretSantaApp;
			productReference = 8AFCCB0421E94EBE003A1162 /* SecretSantaApp.app */;
			productType = "com.apple.product-type.application";
		};
		8AFCCB1721E94EBF003A1162 /* SecretSantaAppTests */ = {
			isa = PBXNativeTarget;
			buildConfigurationList = 8AFCCB2F21E94EBF003A1162 /* Build configuration list for PBXNativeTarget "SecretSantaAppTests" */;
			buildPhases = (
				8AFCCB1421E94EBF003A1162 /* Sources */,
				8AFCCB1521E94EBF003A1162 /* Frameworks */,
				8AFCCB1621E94EBF003A1162 /* Resources */,
			);
			buildRules = (
			);
			dependencies = (
				8AFCCB1A21E94EBF003A1162 /* PBXTargetDependency */,
			);
			name = SecretSantaAppTests;
			productName = SecretSantaAppTests;
			productReference = 8AFCCB1821E94EBF003A1162 /* SecretSantaAppTests.xctest */;
			productType = "com.apple.product-type.bundle.unit-test";
		};
		8AFCCB2221E94EBF003A1162 /* SecretSantaAppUITests */ = {
			isa = PBXNativeTarget;
			buildConfigurationList = 8AFCCB3221E94EBF003A1162 /* Build configuration list for PBXNativeTarget "SecretSantaAppUITests" */;
			buildPhases = (
				8AFCCB1F21E94EBF003A1162 /* Sources */,
				8AFCCB2021E94EBF003A1162 /* Frameworks */,
				8AFCCB2121E94EBF003A1162 /* Resources */,
			);
			buildRules = (
			);
			dependencies = (
				8AFCCB2521E94EBF003A1162 /* PBXTargetDependency */,
			);
			name = SecretSantaAppUITests;
			productName = SecretSantaAppUITests;
			productReference = 8AFCCB2321E94EBF003A1162 /* SecretSantaAppUITests.xctest */;
			productType = "com.apple.product-type.bundle.ui-testing";
		};
/* End PBXNativeTarget section */

/* Begin PBXProject section */
		8AFCCAFC21E94EBE003A1162 /* Project object */ = {
			isa = PBXProject;
			attributes = {
				LastSwiftUpdateCheck = 1010;
				LastUpgradeCheck = 1010;
				ORGANIZATIONNAME = rekapap;
				TargetAttributes = {
					8AFCCB0321E94EBE003A1162 = {
						CreatedOnToolsVersion = 10.1;
					};
					8AFCCB1721E94EBF003A1162 = {
						CreatedOnToolsVersion = 10.1;
						TestTargetID = 8AFCCB0321E94EBE003A1162;
					};
					8AFCCB2221E94EBF003A1162 = {
						CreatedOnToolsVersion = 10.1;
						TestTargetID = 8AFCCB0321E94EBE003A1162;
					};
				};
			};
			buildConfigurationList = 8AFCCAFF21E94EBE003A1162 /* Build configuration list for PBXProject "SecretSantaApp" */;
			compatibilityVersion = "Xcode 9.3";
			developmentRegion = en;
			hasScannedForEncodings = 0;
			knownRegions = (
				en,
				Base,
			);
			mainGroup = 8AFCCAFB21E94EBE003A1162;
			productRefGroup = 8AFCCB0521E94EBE003A1162 /* Products */;
			projectDirPath = "";
			projectRoot = "";
			targets = (
				8AFCCB0321E94EBE003A1162 /* SecretSantaApp */,
				8AFCCB1721E94EBF003A1162 /* SecretSantaAppTests */,
				8AFCCB2221E94EBF003A1162 /* SecretSantaAppUITests */,
			);
		};
/* End PBXProject section */

/* Begin PBXResourcesBuildPhase section */
		8AFCCB0221E94EBE003A1162 /* Resources */ = {
			isa = PBXResourcesBuildPhase;
			buildActionMask = 2147483647;
			files = (
				8AFCCB1221E94EBF003A1162 /* LaunchScreen.storyboard in Resources */,
				8AFCCB0F21E94EBF003A1162 /* Assets.xcassets in Resources */,
				8AFCCB0D21E94EBE003A1162 /* Main.storyboard in Resources */,
			);
			runOnlyForDeploymentPostprocessing = 0;
		};
		8AFCCB1621E94EBF003A1162 /* Resources */ = {
			isa = PBXResourcesBuildPhase;
			buildActionMask = 2147483647;
			files = (
			);
			runOnlyForDeploymentPostprocessing = 0;
		};
		8AFCCB2121E94EBF003A1162 /* Resources */ = {
			isa = PBXResourcesBuildPhase;
			buildActionMask = 2147483647;
			files = (
			);
			runOnlyForDeploymentPostprocessing = 0;
		};
/* End PBXResourcesBuildPhase section */

/* Begin PBXSourcesBuildPhase section */
		8AFCCB0021E94EBE003A1162 /* Sources */ = {
			isa = PBXSourcesBuildPhase;
			buildActionMask = 2147483647;
			files = (
				8AFCCB0A21E94EBE003A1162 /* ViewController.swift in Sources */,
				8AFCCB0821E94EBE003A1162 /* AppDelegate.swift in Sources */,
			);
			runOnlyForDeploymentPostprocessing = 0;
		};
		8AFCCB1421E94EBF003A1162 /* Sources */ = {
			isa = PBXSourcesBuildPhase;
			buildActionMask = 2147483647;
			files = (
				8AFCCB1D21E94EBF003A1162 /* SecretSantaAppTests.swift in Sources */,
			);
			runOnlyForDeploymentPostprocessing = 0;
		};
		8AFCCB1F21E94EBF003A1162 /* Sources */ = {
			isa = PBXSourcesBuildPhase;
			buildActionMask = 2147483647;
			files = (
				8AFCCB2821E94EBF003A1162 /* SecretSantaAppUITests.swift in Sources */,
			);
			runOnlyForDeploymentPostprocessing = 0;
		};
/* End PBXSourcesBuildPhase section */

/* Begin PBXTargetDependency section */
		8AFCCB1A21E94EBF003A1162 /* PBXTargetDependency */ = {
			isa = PBXTargetDependency;
			target = 8AFCCB0321E94EBE003A1162 /* SecretSantaApp */;
			targetProxy = 8AFCCB1921E94EBF003A1162 /* PBXContainerItemProxy */;
		};
		8AFCCB2521E94EBF003A1162 /* PBXTargetDependency */ = {
			isa = PBXTargetDependency;
			target = 8AFCCB0321E94EBE003A1162 /* SecretSantaApp */;
			targetProxy = 8AFCCB2421E94EBF003A1162 /* PBXContainerItemProxy */;
		};
/* End PBXTargetDependency section */

/* Begin PBXVariantGroup section */
		8AFCCB0B21E94EBE003A1162 /* Main.storyboard */ = {
			isa = PBXVariantGroup;
			children = (
				8AFCCB0C21E94EBE003A1162 /* Base */,
			);
			name = Main.storyboard;
			sourceTree = "<group>";
		};
		8AFCCB1021E94EBF003A1162 /* LaunchScreen.storyboard */ = {
			isa = PBXVariantGroup;
			children = (
				8AFCCB1121E94EBF003A1162 /* Base */,
			);
			name = LaunchScreen.storyboard;
			sourceTree = "<group>";
		};
/* End PBXVariantGroup section */

/* Begin XCBuildConfiguration section */
		8AFCCB2A21E94EBF003A1162 /* Debug */ = {
			isa = XCBuildConfiguration;
			buildSettings = {
				ALWAYS_SEARCH_USER_PATHS = NO;
				CLANG_ANALYZER_NONNULL = YES;
				CLANG_ANALYZER_NUMBER_OBJECT_CONVERSION = YES_AGGRESSIVE;
				CLANG_CXX_LANGUAGE_STANDARD = "gnu++14";
				CLANG_CXX_LIBRARY = "libc++";
				CLANG_ENABLE_MODULES = YES;
				CLANG_ENABLE_OBJC_ARC = YES;
				CLANG_ENABLE_OBJC_WEAK = YES;
				CLANG_WARN_BLOCK_CAPTURE_AUTORELEASING = YES;
				CLANG_WARN_BOOL_CONVERSION = YES;
				CLANG_WARN_COMMA = YES;
				CLANG_WARN_CONSTANT_CONVERSION = YES;
				CLANG_WARN_DEPRECATED_OBJC_IMPLEMENTATIONS = YES;
				CLANG_WARN_DIRECT_OBJC_ISA_USAGE = YES_ERROR;
				CLANG_WARN_DOCUMENTATION_COMMENTS = YES;
				CLANG_WARN_EMPTY_BODY = YES;
				CLANG_WARN_ENUM_CONVERSION = YES;
				CLANG_WARN_INFINITE_RECURSION = YES;
				CLANG_WARN_INT_CONVERSION = YES;
				CLANG_WARN_NON_LITERAL_NULL_CONVERSION = YES;
				CLANG_WARN_OBJC_IMPLICIT_RETAIN_SELF = YES;
				CLANG_WARN_OBJC_LITERAL_CONVERSION = YES;
				CLANG_WARN_OBJC_ROOT_CLASS = YES_ERROR;
				CLANG_WARN_RANGE_LOOP_ANALYSIS = YES;
				CLANG_WARN_STRICT_PROTOTYPES = YES;
				CLANG_WARN_SUSPICIOUS_MOVE = YES;
				CLANG_WARN_UNGUARDED_AVAILABILITY = YES_AGGRESSIVE;
				CLANG_WARN_UNREACHABLE_CODE = YES;
				CLANG_WARN__DUPLICATE_METHOD_MATCH = YES;
				CODE_SIGN_IDENTITY = "iPhone Developer";
				COPY_PHASE_STRIP = NO;
				DEBUG_INFORMATION_FORMAT = dwarf;
				ENABLE_STRICT_OBJC_MSGSEND = YES;
				ENABLE_TESTABILITY = YES;
				GCC_C_LANGUAGE_STANDARD = gnu11;
				GCC_DYNAMIC_NO_PIC = NO;
				GCC_NO_COMMON_BLOCKS = YES;
				GCC_OPTIMIZATION_LEVEL = 0;
				GCC_PREPROCESSOR_DEFINITIONS = (
					"DEBUG=1",
					"$(inherited)",
				);
				GCC_WARN_64_TO_32_BIT_CONVERSION = YES;
				GCC_WARN_ABOUT_RETURN_TYPE = YES_ERROR;
				GCC_WARN_UNDECLARED_SELECTOR = YES;
				GCC_WARN_UNINITIALIZED_AUTOS = YES_AGGRESSIVE;
				GCC_WARN_UNUSED_FUNCTION = YES;
				GCC_WARN_UNUSED_VARIABLE = YES;
				IPHONEOS_DEPLOYMENT_TARGET = 12.1;
				MTL_ENABLE_DEBUG_INFO = INCLUDE_SOURCE;
				MTL_FAST_MATH = YES;
				ONLY_ACTIVE_ARCH = YES;
				SDKROOT = iphoneos;
				SWIFT_ACTIVE_COMPILATION_CONDITIONS = DEBUG;
				SWIFT_OPTIMIZATION_LEVEL = "-Onone";
			};
			name = Debug;
		};
		8AFCCB2B21E94EBF003A1162 /* Release */ = {
			isa = XCBuildConfiguration;
			buildSettings = {
				ALWAYS_SEARCH_USER_PATHS = NO;
				CLANG_ANALYZER_NONNULL = YES;
				CLANG_ANALYZER_NUMBER_OBJECT_CONVERSION = YES_AGGRESSIVE;
				CLANG_CXX_LANGUAGE_STANDARD = "gnu++14";
				CLANG_CXX_LIBRARY = "libc++";
				CLANG_ENABLE_MODULES = YES;
				CLANG_ENABLE_OBJC_ARC = YES;
				CLANG_ENABLE_OBJC_WEAK = YES;
				CLANG_WARN_BLOCK_CAPTURE_AUTORELEASING = YES;
				CLANG_WARN_BOOL_CONVERSION = YES;
				CLANG_WARN_COMMA = YES;
				CLANG_WARN_CONSTANT_CONVERSION = YES;
				CLANG_WARN_DEPRECATED_OBJC_IMPLEMENTATIONS = YES;
				CLANG_WARN_DIRECT_OBJC_ISA_USAGE = YES_ERROR;
				CLANG_WARN_DOCUMENTATION_COMMENTS = YES;
				CLANG_WARN_EMPTY_BODY = YES;
				CLANG_WARN_ENUM_CONVERSION = YES;
				CLANG_WARN_INFINITE_RECURSION = YES;
				CLANG_WARN_INT_CONVERSION = YES;
				CLANG_WARN_NON_LITERAL_NULL_CONVERSION = YES;
				CLANG_WARN_OBJC_IMPLICIT_RETAIN_SELF = YES;
				CLANG_WARN_OBJC_LITERAL_CONVERSION = YES;
				CLANG_WARN_OBJC_ROOT_CLASS = YES_ERROR;
				CLANG_WARN_RANGE_LOOP_ANALYSIS = YES;
				CLANG_WARN_STRICT_PROTOTYPES = YES;
				CLANG_WARN_SUSPICIOUS_MOVE = YES;
				CLANG_WARN_UNGUARDED_AVAILABILITY = YES_AGGRESSIVE;
				CLANG_WARN_UNREACHABLE_CODE = YES;
				CLANG_WARN__DUPLICATE_METHOD_MATCH = YES;
				CODE_SIGN_IDENTITY = "iPhone Developer";
				COPY_PHASE_STRIP = NO;
				DEBUG_INFORMATION_FORMAT = "dwarf-with-dsym";
				ENABLE_NS_ASSERTIONS = NO;
				ENABLE_STRICT_OBJC_MSGSEND = YES;
				GCC_C_LANGUAGE_STANDARD = gnu11;
				GCC_NO_COMMON_BLOCKS = YES;
				GCC_WARN_64_TO_32_BIT_CONVERSION = YES;
				GCC_WARN_ABOUT_RETURN_TYPE = YES_ERROR;
				GCC_WARN_UNDECLARED_SELECTOR = YES;
				GCC_WARN_UNINITIALIZED_AUTOS = YES_AGGRESSIVE;
				GCC_WARN_UNUSED_FUNCTION = YES;
				GCC_WARN_UNUSED_VARIABLE = YES;
				IPHONEOS_DEPLOYMENT_TARGET = 12.1;
				MTL_ENABLE_DEBUG_INFO = NO;
				MTL_FAST_MATH = YES;
				SDKROOT = iphoneos;
				SWIFT_COMPILATION_MODE = wholemodule;
				SWIFT_OPTIMIZATION_LEVEL = "-O";
				VALIDATE_PRODUCT = YES;
			};
			name = Release;
		};
		8AFCCB2D21E94EBF003A1162 /* Debug */ = {
			isa = XCBuildConfiguration;
			buildSettings = {
				ASSETCATALOG_COMPILER_APPICON_NAME = AppIcon;
				CODE_SIGN_STYLE = Automatic;
				INFOPLIST_FILE = SecretSantaApp/Info.plist;
				LD_RUNPATH_SEARCH_PATHS = (
					"$(inherited)",
					"@executable_path/Frameworks",
				);
				PRODUCT_BUNDLE_IDENTIFIER = com.rekapap.SecretSantaApp;
				PRODUCT_NAME = "$(TARGET_NAME)";
				SWIFT_VERSION = 4.2;
				TARGETED_DEVICE_FAMILY = "1,2";
			};
			name = Debug;
		};
		8AFCCB2E21E94EBF003A1162 /* Release */ = {
			isa = XCBuildConfiguration;
			buildSettings = {
				ASSETCATALOG_COMPILER_APPICON_NAME = AppIcon;
				CODE_SIGN_STYLE = Automatic;
				INFOPLIST_FILE = SecretSantaApp/Info.plist;
				LD_RUNPATH_SEARCH_PATHS = (
					"$(inherited)",
					"@executable_path/Frameworks",
				);
				PRODUCT_BUNDLE_IDENTIFIER = com.rekapap.SecretSantaApp;
				PRODUCT_NAME = "$(TARGET_NAME)";
				SWIFT_VERSION = 4.2;
				TARGETED_DEVICE_FAMILY = "1,2";
			};
			name = Release;
		};
		8AFCCB3021E94EBF003A1162 /* Debug */ = {
			isa = XCBuildConfiguration;
			buildSettings = {
				ALWAYS_EMBED_SWIFT_STANDARD_LIBRARIES = YES;
				BUNDLE_LOADER = "$(TEST_HOST)";
				CODE_SIGN_STYLE = Automatic;
				INFOPLIST_FILE = SecretSantaAppTests/Info.plist;
				LD_RUNPATH_SEARCH_PATHS = (
					"$(inherited)",
					"@executable_path/Frameworks",
					"@loader_path/Frameworks",
				);
				PRODUCT_BUNDLE_IDENTIFIER = com.rekapap.SecretSantaAppTests;
				PRODUCT_NAME = "$(TARGET_NAME)";
				SWIFT_VERSION = 4.2;
				TARGETED_DEVICE_FAMILY = "1,2";
				TEST_HOST = "$(BUILT_PRODUCTS_DIR)/SecretSantaApp.app/SecretSantaApp";
			};
			name = Debug;
		};
		8AFCCB3121E94EBF003A1162 /* Release */ = {
			isa = XCBuildConfiguration;
			buildSettings = {
				ALWAYS_EMBED_SWIFT_STANDARD_LIBRARIES = YES;
				BUNDLE_LOADER = "$(TEST_HOST)";
				CODE_SIGN_STYLE = Automatic;
				INFOPLIST_FILE = SecretSantaAppTests/Info.plist;
				LD_RUNPATH_SEARCH_PATHS = (
					"$(inherited)",
					"@executable_path/Frameworks",
					"@loader_path/Frameworks",
				);
				PRODUCT_BUNDLE_IDENTIFIER = com.rekapap.SecretSantaAppTests;
				PRODUCT_NAME = "$(TARGET_NAME)";
				SWIFT_VERSION = 4.2;
				TARGETED_DEVICE_FAMILY = "1,2";
				TEST_HOST = "$(BUILT_PRODUCTS_DIR)/SecretSantaApp.app/SecretSantaApp";
			};
			name = Release;
		};
		8AFCCB3321E94EBF003A1162 /* Debug */ = {
			isa = XCBuildConfiguration;
			buildSettings = {
				ALWAYS_EMBED_SWIFT_STANDARD_LIBRARIES = YES;
				CODE_SIGN_STYLE = Automatic;
				INFOPLIST_FILE = SecretSantaAppUITests/Info.plist;
				LD_RUNPATH_SEARCH_PATHS = (
					"$(inherited)",
					"@executable_path/Frameworks",
					"@loader_path/Frameworks",
				);
				PRODUCT_BUNDLE_IDENTIFIER = com.rekapap.SecretSantaAppUITests;
				PRODUCT_NAME = "$(TARGET_NAME)";
				SWIFT_VERSION = 4.2;
				TARGETED_DEVICE_FAMILY = "1,2";
				TEST_TARGET_NAME = SecretSantaApp;
			};
			name = Debug;
		};
		8AFCCB3421E94EBF003A1162 /* Release */ = {
			isa = XCBuildConfiguration;
			buildSettings = {
				ALWAYS_EMBED_SWIFT_STANDARD_LIBRARIES = YES;
				CODE_SIGN_STYLE = Automatic;
				INFOPLIST_FILE = SecretSantaAppUITests/Info.plist;
				LD_RUNPATH_SEARCH_PATHS = (
					"$(inherited)",
					"@executable_path/Frameworks",
					"@loader_path/Frameworks",
				);
				PRODUCT_BUNDLE_IDENTIFIER = com.rekapap.SecretSantaAppUITests;
				PRODUCT_NAME = "$(TARGET_NAME)";
				SWIFT_VERSION = 4.2;
				TARGETED_DEVICE_FAMILY = "1,2";
				TEST_TARGET_NAME = SecretSantaApp;
			};
			name = Release;
		};
/* End XCBuildConfiguration section */

/* Begin XCConfigurationList section */
		8AFCCAFF21E94EBE003A1162 /* Build configuration list for PBXProject "SecretSantaApp" */ = {
			isa = XCConfigurationList;
			buildConfigurations = (
				8AFCCB2A21E94EBF003A1162 /* Debug */,
				8AFCCB2B21E94EBF003A1162 /* Release */,
			);
			defaultConfigurationIsVisible = 0;
			defaultConfigurationName = Release;
		};
		8AFCCB2C21E94EBF003A1162 /* Build configuration list for PBXNativeTarget "SecretSantaApp" */ = {
			isa = XCConfigurationList;
			buildConfigurations = (
				8AFCCB2D21E94EBF003A1162 /* Debug */,
				8AFCCB2E21E94EBF003A1162 /* Release */,
			);
			defaultConfigurationIsVisible = 0;
			defaultConfigurationName = Release;
		};
		8AFCCB2F21E94EBF003A1162 /* Build configuration list for PBXNativeTarget "SecretSantaAppTests" */ = {
			isa = XCConfigurationList;
			buildConfigurations = (
				8AFCCB3021E94EBF003A1162 /* Debug */,
				8AFCCB3121E94EBF003A1162 /* Release */,
			);
			defaultConfigurationIsVisible = 0;
			defaultConfigurationName = Release;
		};
		8AFCCB3221E94EBF003A1162 /* Build configuration list for PBXNativeTarget "SecretSantaAppUITests" */ = {
			isa = XCConfigurationList;
			buildConfigurations = (
				8AFCCB3321E94EBF003A1162 /* Debug */,
				8AFCCB3421E94EBF003A1162 /* Release */,
			);
			defaultConfigurationIsVisible = 0;
			defaultConfigurationName = Release;
		};
/* End XCConfigurationList section */
	};
	rootObject = 8AFCCAFC21E94EBE003A1162 /* Project object */;
}
